# THIS IS AN AUTOGENERATED FILE. DO NOT EDIT THIS FILE DIRECTLY.
# yarn lockfile v1


currency.js@^2.0.4:
  version "2.0.4"
  resolved "https://registry.yarnpkg.com/currency.js/-/currency.js-2.0.4.tgz#a8a4d69be3b2e509bf67a560c78220bc04809cf1"
  integrity sha512-6/OplJYgJ0RUlli74d93HJ/OsKVBi8lB1+Z6eJYS1YZzBuIp4qKKHpJ7ad+GvTlWmLR/hLJOWTykN5Nm8NJ7+w==
